
Microsoft Visual Studio Solution File, Format Version 12.00
# Visual Studio 14
VisualStudioVersion = 14.0.25123.0
MinimumVisualStudioVersion = 10.0.40219.1
Project("{FAE04EC0-301F-11D3-BF4B-00C04F79EFBC}") = "MyFitness.Droid", "MyFitness\MyFitness.Droid\MyFitness.Droid.csproj", "{EC0D215B-D5D8-43F7-926D-8E17C9505C38}"
EndProject
Project("{FAE04EC0-301F-11D3-BF4B-00C04F79EFBC}") = "MyFitness.iOS", "MyFitness\MyFitness.iOS\MyFitness.iOS.csproj", "{257FB6EE-80E1-4585-93B8-EF7B4CDE0C00}"
EndProject
Project("{FAE04EC0-301F-11D3-BF4B-00C04F79EFBC}") = "MyFitness.WinPhone", "MyFitness\MyFitness.WinPhone\MyFitness.WinPhone.csproj", "{7F7816ED-EEA0-49D8-953B-7172E3466FA0}"
EndProject
Project("{FAE04EC0-301F-11D3-BF4B-00C04F79EFBC}") = "MyFitness.UWP", "MyFitness\MyFitness.UWP\MyFitness.UWP.csproj", "{1F40DB81-2936-4539-9487-FB4114089CE5}"
EndProject
Project("{FAE04EC0-301F-11D3-BF4B-00C04F79EFBC}") = "MyFitness.Windows", "MyFitness\MyFitness.Windows\MyFitness.Windows.csproj", "{DF28698B-0E4D-438C-B4BD-C013B3519281}"
EndProject
Project("{FAE04EC0-301F-11D3-BF4B-00C04F79EFBC}") = "MyFitness", "MyFitness\MyFitness\MyFitness.csproj", "{25DC437C-1461-480E-B7C0-FC03638D3258}"
EndProject
Global
	GlobalSection(SolutionConfigurationPlatforms) = preSolution
		Ad-Hoc|Any CPU = Ad-Hoc|Any CPU
		Ad-Hoc|ARM = Ad-Hoc|ARM
		Ad-Hoc|iPhone = Ad-Hoc|iPhone
		Ad-Hoc|iPhoneSimulator = Ad-Hoc|iPhoneSimulator
		Ad-Hoc|x64 = Ad-Hoc|x64
		Ad-Hoc|x86 = Ad-Hoc|x86
		AppStore|Any CPU = AppStore|Any CPU
		AppStore|ARM = AppStore|ARM
		AppStore|iPhone = AppStore|iPhone
		AppStore|iPhoneSimulator = AppStore|iPhoneSimulator
		AppStore|x64 = AppStore|x64
		AppStore|x86 = AppStore|x86
		Debug|Any CPU = Debug|Any CPU
		Debug|ARM = Debug|ARM
		Debug|iPhone = Debug|iPhone
		Debug|iPhoneSimulator = Debug|iPhoneSimulator
		Debug|x64 = Debug|x64
		Debug|x86 = Debug|x86
		Release|Any CPU = Release|Any CPU
		Release|ARM = Release|ARM
		Release|iPhone = Release|iPhone
		Release|iPhoneSimulator = Release|iPhoneSimulator
		Release|x64 = Release|x64
		Release|x86 = Release|x86
	EndGlobalSection
	GlobalSection(ProjectConfigurationPlatforms) = postSolution
		{EC0D215B-D5D8-43F7-926D-8E17C9505C38}.Ad-Hoc|Any CPU.ActiveCfg = Release|Any CPU
		{EC0D215B-D5D8-43F7-926D-8E17C9505C38}.Ad-Hoc|Any CPU.Build.0 = Release|Any CPU
		{EC0D215B-D5D8-43F7-926D-8E17C9505C38}.Ad-Hoc|Any CPU.Deploy.0 = Release|Any CPU
		{EC0D215B-D5D8-43F7-926D-8E17C9505C38}.Ad-Hoc|ARM.ActiveCfg = Release|Any CPU
		{EC0D215B-D5D8-43F7-926D-8E17C9505C38}.Ad-Hoc|ARM.Build.0 = Release|Any CPU
		{EC0D215B-D5D8-43F7-926D-8E17C9505C38}.Ad-Hoc|ARM.Deploy.0 = Release|Any CPU
		{EC0D215B-D5D8-43F7-926D-8E17C9505C38}.Ad-Hoc|iPhone.ActiveCfg = Release|Any CPU
		{EC0D215B-D5D8-43F7-926D-8E17C9505C38}.Ad-Hoc|iPhone.Build.0 = Release|Any CPU
		{EC0D215B-D5D8-43F7-926D-8E17C9505C38}.Ad-Hoc|iPhone.Deploy.0 = Release|Any CPU
		{EC0D215B-D5D8-43F7-926D-8E17C9505C38}.Ad-Hoc|iPhoneSimulator.ActiveCfg = Release|Any CPU
		{EC0D215B-D5D8-43F7-926D-8E17C9505C38}.Ad-Hoc|iPhoneSimulator.Build.0 = Release|Any CPU
		{EC0D215B-D5D8-43F7-926D-8E17C9505C38}.Ad-Hoc|iPhoneSimulator.Deploy.0 = Release|Any CPU
		{EC0D215B-D5D8-43F7-926D-8E17C9505C38}.Ad-Hoc|x64.ActiveCfg = Release|Any CPU
		{EC0D215B-D5D8-43F7-926D-8E17C9505C38}.Ad-Hoc|x64.Build.0 = Release|Any CPU
		{EC0D215B-D5D8-43F7-926D-8E17C9505C38}.Ad-Hoc|x64.Deploy.0 = Release|Any CPU
		{EC0D215B-D5D8-43F7-926D-8E17C9505C38}.Ad-Hoc|x86.ActiveCfg = Release|Any CPU
		{EC0D215B-D5D8-43F7-926D-8E17C9505C38}.Ad-Hoc|x86.Build.0 = Release|Any CPU
		{EC0D215B-D5D8-43F7-926D-8E17C9505C38}.Ad-Hoc|x86.Deploy.0 = Release|Any CPU
		{EC0D215B-D5D8-43F7-926D-8E17C9505C38}.AppStore|Any CPU.ActiveCfg = Release|Any CPU
		{EC0D215B-D5D8-43F7-926D-8E17C9505C38}.AppStore|Any CPU.Build.0 = Release|Any CPU
		{EC0D215B-D5D8-43F7-926D-8E17C9505C38}.AppStore|Any CPU.Deploy.0 = Release|Any CPU
		{EC0D215B-D5D8-43F7-926D-8E17C9505C38}.AppStore|ARM.ActiveCfg = Release|Any CPU
		{EC0D215B-D5D8-43F7-926D-8E17C9505C38}.AppStore|ARM.Build.0 = Release|Any CPU
		{EC0D215B-D5D8-43F7-926D-8E17C9505C38}.AppStore|ARM.Deploy.0 = Release|Any CPU
		{EC0D215B-D5D8-43F7-926D-8E17C9505C38}.AppStore|iPhone.ActiveCfg = Release|Any CPU
		{EC0D215B-D5D8-43F7-926D-8E17C9505C38}.AppStore|iPhone.Build.0 = Release|Any CPU
		{EC0D215B-D5D8-43F7-926D-8E17C9505C38}.AppStore|iPhone.Deploy.0 = Release|Any CPU
		{EC0D215B-D5D8-43F7-926D-8E17C9505C38}.AppStore|iPhoneSimulator.ActiveCfg = Release|Any CPU
		{EC0D215B-D5D8-43F7-926D-8E17C9505C38}.AppStore|iPhoneSimulator.Build.0 = Release|Any CPU
		{EC0D215B-D5D8-43F7-926D-8E17C9505C38}.AppStore|iPhoneSimulator.Deploy.0 = Release|Any CPU
		{EC0D215B-D5D8-43F7-926D-8E17C9505C38}.AppStore|x64.ActiveCfg = Release|Any CPU
		{EC0D215B-D5D8-43F7-926D-8E17C9505C38}.AppStore|x64.Build.0 = Release|Any CPU
		{EC0D215B-D5D8-43F7-926D-8E17C9505C38}.AppStore|x64.Deploy.0 = Release|Any CPU
		{EC0D215B-D5D8-43F7-926D-8E17C9505C38}.AppStore|x86.ActiveCfg = Release|Any CPU
		{EC0D215B-D5D8-43F7-926D-8E17C9505C38}.AppStore|x86.Build.0 = Release|Any CPU
		{EC0D215B-D5D8-43F7-926D-8E17C9505C38}.AppStore|x86.Deploy.0 = Release|Any CPU
		{EC0D215B-D5D8-43F7-926D-8E17C9505C38}.Debug|Any CPU.ActiveCfg = Debug|Any CPU
		{EC0D215B-D5D8-43F7-926D-8E17C9505C38}.Debug|Any CPU.Build.0 = Debug|Any CPU
		{EC0D215B-D5D8-43F7-926D-8E17C9505C38}.Debug|Any CPU.Deploy.0 = Debug|Any CPU
		{EC0D215B-D5D8-43F7-926D-8E17C9505C38}.Debug|ARM.ActiveCfg = Debug|Any CPU
		{EC0D215B-D5D8-43F7-926D-8E17C9505C38}.Debug|ARM.Build.0 = Debug|Any CPU
		{EC0D215B-D5D8-43F7-926D-8E17C9505C38}.Debug|ARM.Deploy.0 = Debug|Any CPU
		{EC0D215B-D5D8-43F7-926D-8E17C9505C38}.Debug|iPhone.ActiveCfg = Debug|Any CPU
		{EC0D215B-D5D8-43F7-926D-8E17C9505C38}.Debug|iPhone.Build.0 = Debug|Any CPU
		{EC0D215B-D5D8-43F7-926D-8E17C9505C38}.Debug|iPhone.Deploy.0 = Debug|Any CPU
		{EC0D215B-D5D8-43F7-926D-8E17C9505C38}.Debug|iPhoneSimulator.ActiveCfg = Debug|Any CPU
		{EC0D215B-D5D8-43F7-926D-8E17C9505C38}.Debug|iPhoneSimulator.Build.0 = Debug|Any CPU
		{EC0D215B-D5D8-43F7-926D-8E17C9505C38}.Debug|iPhoneSimulator.Deploy.0 = Debug|Any CPU
		{EC0D215B-D5D8-43F7-926D-8E17C9505C38}.Debug|x64.ActiveCfg = Debug|Any CPU
		{EC0D215B-D5D8-43F7-926D-8E17C9505C38}.Debug|x64.Build.0 = Debug|Any CPU
		{EC0D215B-D5D8-43F7-926D-8E17C9505C38}.Debug|x64.Deploy.0 = Debug|Any CPU
		{EC0D215B-D5D8-43F7-926D-8E17C9505C38}.Debug|x86.ActiveCfg = Debug|Any CPU
		{EC0D215B-D5D8-43F7-926D-8E17C9505C38}.Debug|x86.Build.0 = Debug|Any CPU
		{EC0D215B-D5D8-43F7-926D-8E17C9505C38}.Debug|x86.Deploy.0 = Debug|Any CPU
		{EC0D215B-D5D8-43F7-926D-8E17C9505C38}.Release|Any CPU.ActiveCfg = Release|Any CPU
		{EC0D215B-D5D8-43F7-926D-8E17C9505C38}.Release|Any CPU.Build.0 = Release|Any CPU
		{EC0D215B-D5D8-43F7-926D-8E17C9505C38}.Release|Any CPU.Deploy.0 = Release|Any CPU
		{EC0D215B-D5D8-43F7-926D-8E17C9505C38}.Release|ARM.ActiveCfg = Release|Any CPU
		{EC0D215B-D5D8-43F7-926D-8E17C9505C38}.Release|ARM.Build.0 = Release|Any CPU
		{EC0D215B-D5D8-43F7-926D-8E17C9505C38}.Release|ARM.Deploy.0 = Release|Any CPU
		{EC0D215B-D5D8-43F7-926D-8E17C9505C38}.Release|iPhone.ActiveCfg = Release|Any CPU
		{EC0D215B-D5D8-43F7-926D-8E17C9505C38}.Release|iPhone.Build.0 = Release|Any CPU
		{EC0D215B-D5D8-43F7-926D-8E17C9505C38}.Release|iPhone.Deploy.0 = Release|Any CPU
		{EC0D215B-D5D8-43F7-926D-8E17C9505C38}.Release|iPhoneSimulator.ActiveCfg = Release|Any CPU
		{EC0D215B-D5D8-43F7-926D-8E17C9505C38}.Release|iPhoneSimulator.Build.0 = Release|Any CPU
		{EC0D215B-D5D8-43F7-926D-8E17C9505C38}.Release|iPhoneSimulator.Deploy.0 = Release|Any CPU
		{EC0D215B-D5D8-43F7-926D-8E17C9505C38}.Release|x64.ActiveCfg = Release|Any CPU
		{EC0D215B-D5D8-43F7-926D-8E17C9505C38}.Release|x64.Build.0 = Release|Any CPU
		{EC0D215B-D5D8-43F7-926D-8E17C9505C38}.Release|x64.Deploy.0 = Release|Any CPU
		{EC0D215B-D5D8-43F7-926D-8E17C9505C38}.Release|x86.ActiveCfg = Release|Any CPU
		{EC0D215B-D5D8-43F7-926D-8E17C9505C38}.Release|x86.Build.0 = Release|Any CPU
		{EC0D215B-D5D8-43F7-926D-8E17C9505C38}.Release|x86.Deploy.0 = Release|Any CPU
		{257FB6EE-80E1-4585-93B8-EF7B4CDE0C00}.Ad-Hoc|Any CPU.ActiveCfg = Ad-Hoc|iPhone
		{257FB6EE-80E1-4585-93B8-EF7B4CDE0C00}.Ad-Hoc|ARM.ActiveCfg = Ad-Hoc|iPhone
		{257FB6EE-80E1-4585-93B8-EF7B4CDE0C00}.Ad-Hoc|iPhone.ActiveCfg = Ad-Hoc|iPhone
		{257FB6EE-80E1-4585-93B8-EF7B4CDE0C00}.Ad-Hoc|iPhone.Build.0 = Ad-Hoc|iPhone
		{257FB6EE-80E1-4585-93B8-EF7B4CDE0C00}.Ad-Hoc|iPhoneSimulator.ActiveCfg = Ad-Hoc|iPhoneSimulator
		{257FB6EE-80E1-4585-93B8-EF7B4CDE0C00}.Ad-Hoc|iPhoneSimulator.Build.0 = Ad-Hoc|iPhoneSimulator
		{257FB6EE-80E1-4585-93B8-EF7B4CDE0C00}.Ad-Hoc|x64.ActiveCfg = Ad-Hoc|iPhone
		{257FB6EE-80E1-4585-93B8-EF7B4CDE0C00}.Ad-Hoc|x86.ActiveCfg = Ad-Hoc|iPhone
		{257FB6EE-80E1-4585-93B8-EF7B4CDE0C00}.AppStore|Any CPU.ActiveCfg = AppStore|iPhone
		{257FB6EE-80E1-4585-93B8-EF7B4CDE0C00}.AppStore|ARM.ActiveCfg = AppStore|iPhone
		{257FB6EE-80E1-4585-93B8-EF7B4CDE0C00}.AppStore|iPhone.ActiveCfg = AppStore|iPhone
		{257FB6EE-80E1-4585-93B8-EF7B4CDE0C00}.AppStore|iPhone.Build.0 = AppStore|iPhone
		{257FB6EE-80E1-4585-93B8-EF7B4CDE0C00}.AppStore|iPhoneSimulator.ActiveCfg = AppStore|iPhoneSimulator
		{257FB6EE-80E1-4585-93B8-EF7B4CDE0C00}.AppStore|iPhoneSimulator.Build.0 = AppStore|iPhoneSimulator
		{257FB6EE-80E1-4585-93B8-EF7B4CDE0C00}.AppStore|x64.ActiveCfg = AppStore|iPhone
		{257FB6EE-80E1-4585-93B8-EF7B4CDE0C00}.AppStore|x86.ActiveCfg = AppStore|iPhone
		{257FB6EE-80E1-4585-93B8-EF7B4CDE0C00}.Debug|Any CPU.ActiveCfg = Debug|iPhone
		{257FB6EE-80E1-4585-93B8-EF7B4CDE0C00}.Debug|ARM.ActiveCfg = Debug|iPhone
		{257FB6EE-80E1-4585-93B8-EF7B4CDE0C00}.Debug|iPhone.ActiveCfg = Debug|iPhone
		{257FB6EE-80E1-4585-93B8-EF7B4CDE0C00}.Debug|iPhone.Build.0 = Debug|iPhone
		{257FB6EE-80E1-4585-93B8-EF7B4CDE0C00}.Debug|iPhoneSimulator.ActiveCfg = Debug|iPhoneSimulator
		{257FB6EE-80E1-4585-93B8-EF7B4CDE0C00}.Debug|iPhoneSimulator.Build.0 = Debug|iPhoneSimulator
		{257FB6EE-80E1-4585-93B8-EF7B4CDE0C00}.Debug|x64.ActiveCfg = Debug|iPhone
		{257FB6EE-80E1-4585-93B8-EF7B4CDE0C00}.Debug|x86.ActiveCfg = Debug|iPhone
		{257FB6EE-80E1-4585-93B8-EF7B4CDE0C00}.Release|Any CPU.ActiveCfg = Release|iPhone
		{257FB6EE-80E1-4585-93B8-EF7B4CDE0C00}.Release|ARM.ActiveCfg = Release|iPhone
		{257FB6EE-80E1-4585-93B8-EF7B4CDE0C00}.Release|iPhone.ActiveCfg = Release|iPhone
		{257FB6EE-80E1-4585-93B8-EF7B4CDE0C00}.Release|iPhone.Build.0 = Release|iPhone
		{257FB6EE-80E1-4585-93B8-EF7B4CDE0C00}.Release|iPhoneSimulator.ActiveCfg = Release|iPhoneSimulator
		{257FB6EE-80E1-4585-93B8-EF7B4CDE0C00}.Release|iPhoneSimulator.Build.0 = Release|iPhoneSimulator
		{257FB6EE-80E1-4585-93B8-EF7B4CDE0C00}.Release|x64.ActiveCfg = Release|iPhone
		{257FB6EE-80E1-4585-93B8-EF7B4CDE0C00}.Release|x86.ActiveCfg = Release|iPhone
		{7F7816ED-EEA0-49D8-953B-7172E3466FA0}.Ad-Hoc|Any CPU.ActiveCfg = Release|Any CPU
		{7F7816ED-EEA0-49D8-953B-7172E3466FA0}.Ad-Hoc|Any CPU.Build.0 = Release|Any CPU
		{7F7816ED-EEA0-49D8-953B-7172E3466FA0}.Ad-Hoc|Any CPU.Deploy.0 = Release|Any CPU
		{7F7816ED-EEA0-49D8-953B-7172E3466FA0}.Ad-Hoc|ARM.ActiveCfg = Release|ARM
		{7F7816ED-EEA0-49D8-953B-7172E3466FA0}.Ad-Hoc|ARM.Build.0 = Release|ARM
		{7F7816ED-EEA0-49D8-953B-7172E3466FA0}.Ad-Hoc|ARM.Deploy.0 = Release|ARM
		{7F7816ED-EEA0-49D8-953B-7172E3466FA0}.Ad-Hoc|iPhone.ActiveCfg = Release|Any CPU
		{7F7816ED-EEA0-49D8-953B-7172E3466FA0}.Ad-Hoc|iPhone.Build.0 = Release|Any CPU
		{7F7816ED-EEA0-49D8-953B-7172E3466FA0}.Ad-Hoc|iPhone.Deploy.0 = Release|Any CPU
		{7F7816ED-EEA0-49D8-953B-7172E3466FA0}.Ad-Hoc|iPhoneSimulator.ActiveCfg = Release|Any CPU
		{7F7816ED-EEA0-49D8-953B-7172E3466FA0}.Ad-Hoc|iPhoneSimulator.Build.0 = Release|Any CPU
		{7F7816ED-EEA0-49D8-953B-7172E3466FA0}.Ad-Hoc|iPhoneSimulator.Deploy.0 = Release|Any CPU
		{7F7816ED-EEA0-49D8-953B-7172E3466FA0}.Ad-Hoc|x64.ActiveCfg = Release|Any CPU
		{7F7816ED-EEA0-49D8-953B-7172E3466FA0}.Ad-Hoc|x64.Build.0 = Release|Any CPU
		{7F7816ED-EEA0-49D8-953B-7172E3466FA0}.Ad-Hoc|x64.Deploy.0 = Release|Any CPU
		{7F7816ED-EEA0-49D8-953B-7172E3466FA0}.Ad-Hoc|x86.ActiveCfg = Release|x86
		{7F7816ED-EEA0-49D8-953B-7172E3466FA0}.Ad-Hoc|x86.Build.0 = Release|x86
		{7F7816ED-EEA0-49D8-953B-7172E3466FA0}.Ad-Hoc|x86.Deploy.0 = Release|x86
		{7F7816ED-EEA0-49D8-953B-7172E3466FA0}.AppStore|Any CPU.ActiveCfg = Release|Any CPU
		{7F7816ED-EEA0-49D8-953B-7172E3466FA0}.AppStore|Any CPU.Build.0 = Release|Any CPU
		{7F7816ED-EEA0-49D8-953B-7172E3466FA0}.AppStore|Any CPU.Deploy.0 = Release|Any CPU
		{7F7816ED-EEA0-49D8-953B-7172E3466FA0}.AppStore|ARM.ActiveCfg = Release|ARM
		{7F7816ED-EEA0-49D8-953B-7172E3466FA0}.AppStore|ARM.Build.0 = Release|ARM
		{7F7816ED-EEA0-49D8-953B-7172E3466FA0}.AppStore|ARM.Deploy.0 = Release|ARM
		{7F7816ED-EEA0-49D8-953B-7172E3466FA0}.AppStore|iPhone.ActiveCfg = Release|Any CPU
		{7F7816ED-EEA0-49D8-953B-7172E3466FA0}.AppStore|iPhone.Build.0 = Release|Any CPU
		{7F7816ED-EEA0-49D8-953B-7172E3466FA0}.AppStore|iPhone.Deploy.0 = Release|Any CPU
		{7F7816ED-EEA0-49D8-953B-7172E3466FA0}.AppStore|iPhoneSimulator.ActiveCfg = Release|Any CPU
		{7F7816ED-EEA0-49D8-953B-7172E3466FA0}.AppStore|iPhoneSimulator.Build.0 = Release|Any CPU
		{7F7816ED-EEA0-49D8-953B-7172E3466FA0}.AppStore|iPhoneSimulator.Deploy.0 = Release|Any CPU
		{7F7816ED-EEA0-49D8-953B-7172E3466FA0}.AppStore|x64.ActiveCfg = Release|Any CPU
		{7F7816ED-EEA0-49D8-953B-7172E3466FA0}.AppStore|x64.Build.0 = Release|Any CPU
		{7F7816ED-EEA0-49D8-953B-7172E3466FA0}.AppStore|x64.Deploy.0 = Release|Any CPU
		{7F7816ED-EEA0-49D8-953B-7172E3466FA0}.AppStore|x86.ActiveCfg = Release|x86
		{7F7816ED-EEA0-49D8-953B-7172E3466FA0}.AppStore|x86.Build.0 = Release|x86
		{7F7816ED-EEA0-49D8-953B-7172E3466FA0}.AppStore|x86.Deploy.0 = Release|x86
		{7F7816ED-EEA0-49D8-953B-7172E3466FA0}.Debug|Any CPU.ActiveCfg = Debug|Any CPU
		{7F7816ED-EEA0-49D8-953B-7172E3466FA0}.Debug|Any CPU.Build.0 = Debug|Any CPU
		{7F7816ED-EEA0-49D8-953B-7172E3466FA0}.Debug|Any CPU.Deploy.0 = Debug|Any CPU
		{7F7816ED-EEA0-49D8-953B-7172E3466FA0}.Debug|ARM.ActiveCfg = Debug|ARM
		{7F7816ED-EEA0-49D8-953B-7172E3466FA0}.Debug|ARM.Build.0 = Debug|ARM
		{7F7816ED-EEA0-49D8-953B-7172E3466FA0}.Debug|ARM.Deploy.0 = Debug|ARM
		{7F7816ED-EEA0-49D8-953B-7172E3466FA0}.Debug|iPhone.ActiveCfg = Debug|Any CPU
		{7F7816ED-EEA0-49D8-953B-7172E3466FA0}.Debug|iPhone.Build.0 = Debug|Any CPU
		{7F7816ED-EEA0-49D8-953B-7172E3466FA0}.Debug|iPhone.Deploy.0 = Debug|Any CPU
		{7F7816ED-EEA0-49D8-953B-7172E3466FA0}.Debug|iPhoneSimulator.ActiveCfg = Debug|Any CPU
		{7F7816ED-EEA0-49D8-953B-7172E3466FA0}.Debug|iPhoneSimulator.Build.0 = Debug|Any CPU
		{7F7816ED-EEA0-49D8-953B-7172E3466FA0}.Debug|iPhoneSimulator.Deploy.0 = Debug|Any CPU
		{7F7816ED-EEA0-49D8-953B-7172E3466FA0}.Debug|x64.ActiveCfg = Debug|Any CPU
		{7F7816ED-EEA0-49D8-953B-7172E3466FA0}.Debug|x64.Build.0 = Debug|Any CPU
		{7F7816ED-EEA0-49D8-953B-7172E3466FA0}.Debug|x64.Deploy.0 = Debug|Any CPU
		{7F7816ED-EEA0-49D8-953B-7172E3466FA0}.Debug|x86.ActiveCfg = Debug|x86
		{7F7816ED-EEA0-49D8-953B-7172E3466FA0}.Debug|x86.Build.0 = Debug|x86
		{7F7816ED-EEA0-49D8-953B-7172E3466FA0}.Debug|x86.Deploy.0 = Debug|x86
		{7F7816ED-EEA0-49D8-953B-7172E3466FA0}.Release|Any CPU.ActiveCfg = Release|Any CPU
		{7F7816ED-EEA0-49D8-953B-7172E3466FA0}.Release|Any CPU.Build.0 = Release|Any CPU
		{7F7816ED-EEA0-49D8-953B-7172E3466FA0}.Release|Any CPU.Deploy.0 = Release|Any CPU
		{7F7816ED-EEA0-49D8-953B-7172E3466FA0}.Release|ARM.ActiveCfg = Release|ARM
		{7F7816ED-EEA0-49D8-953B-7172E3466FA0}.Release|ARM.Build.0 = Release|ARM
		{7F7816ED-EEA0-49D8-953B-7172E3466FA0}.Release|ARM.Deploy.0 = Release|ARM
		{7F7816ED-EEA0-49D8-953B-7172E3466FA0}.Release|iPhone.ActiveCfg = Release|Any CPU
		{7F7816ED-EEA0-49D8-953B-7172E3466FA0}.Release|iPhone.Build.0 = Release|Any CPU
		{7F7816ED-EEA0-49D8-953B-7172E3466FA0}.Release|iPhone.Deploy.0 = Release|Any CPU
		{7F7816ED-EEA0-49D8-953B-7172E3466FA0}.Release|iPhoneSimulator.ActiveCfg = Release|Any CPU
		{7F7816ED-EEA0-49D8-953B-7172E3466FA0}.Release|iPhoneSimulator.Build.0 = Release|Any CPU
		{7F7816ED-EEA0-49D8-953B-7172E3466FA0}.Release|iPhoneSimulator.Deploy.0 = Release|Any CPU
		{7F7816ED-EEA0-49D8-953B-7172E3466FA0}.Release|x64.ActiveCfg = Release|Any CPU
		{7F7816ED-EEA0-49D8-953B-7172E3466FA0}.Release|x64.Build.0 = Release|Any CPU
		{7F7816ED-EEA0-49D8-953B-7172E3466FA0}.Release|x64.Deploy.0 = Release|Any CPU
		{7F7816ED-EEA0-49D8-953B-7172E3466FA0}.Release|x86.ActiveCfg = Release|x86
		{7F7816ED-EEA0-49D8-953B-7172E3466FA0}.Release|x86.Build.0 = Release|x86
		{7F7816ED-EEA0-49D8-953B-7172E3466FA0}.Release|x86.Deploy.0 = Release|x86
		{1F40DB81-2936-4539-9487-FB4114089CE5}.Ad-Hoc|Any CPU.ActiveCfg = Release|x86
		{1F40DB81-2936-4539-9487-FB4114089CE5}.Ad-Hoc|Any CPU.Build.0 = Release|x86
		{1F40DB81-2936-4539-9487-FB4114089CE5}.Ad-Hoc|Any CPU.Deploy.0 = Release|x86
		{1F40DB81-2936-4539-9487-FB4114089CE5}.Ad-Hoc|ARM.ActiveCfg = Release|ARM
		{1F40DB81-2936-4539-9487-FB4114089CE5}.Ad-Hoc|ARM.Build.0 = Release|ARM
		{1F40DB81-2936-4539-9487-FB4114089CE5}.Ad-Hoc|ARM.Deploy.0 = Release|ARM
		{1F40DB81-2936-4539-9487-FB4114089CE5}.Ad-Hoc|iPhone.ActiveCfg = Release|x86
		{1F40DB81-2936-4539-9487-FB4114089CE5}.Ad-Hoc|iPhone.Build.0 = Release|x86
		{1F40DB81-2936-4539-9487-FB4114089CE5}.Ad-Hoc|iPhone.Deploy.0 = Release|x86
		{1F40DB81-2936-4539-9487-FB4114089CE5}.Ad-Hoc|iPhoneSimulator.ActiveCfg = Release|x86
		{1F40DB81-2936-4539-9487-FB4114089CE5}.Ad-Hoc|iPhoneSimulator.Build.0 = Release|x86
		{1F40DB81-2936-4539-9487-FB4114089CE5}.Ad-Hoc|iPhoneSimulator.Deploy.0 = Release|x86
		{1F40DB81-2936-4539-9487-FB4114089CE5}.Ad-Hoc|x64.ActiveCfg = Release|x64
		{1F40DB81-2936-4539-9487-FB4114089CE5}.Ad-Hoc|x64.Build.0 = Release|x64
		{1F40DB81-2936-4539-9487-FB4114089CE5}.Ad-Hoc|x64.Deploy.0 = Release|x64
		{1F40DB81-2936-4539-9487-FB4114089CE5}.Ad-Hoc|x86.ActiveCfg = Release|x86
		{1F40DB81-2936-4539-9487-FB4114089CE5}.Ad-Hoc|x86.Build.0 = Release|x86
		{1F40DB81-2936-4539-9487-FB4114089CE5}.Ad-Hoc|x86.Deploy.0 = Release|x86
		{1F40DB81-2936-4539-9487-FB4114089CE5}.AppStore|Any CPU.ActiveCfg = Release|x86
		{1F40DB81-2936-4539-9487-FB4114089CE5}.AppStore|Any CPU.Build.0 = Release|x86
		{1F40DB81-2936-4539-9487-FB4114089CE5}.AppStore|Any CPU.Deploy.0 = Release|x86
		{1F40DB81-2936-4539-9487-FB4114089CE5}.AppStore|ARM.ActiveCfg = Release|ARM
		{1F40DB81-2936-4539-9487-FB4114089CE5}.AppStore|ARM.Build.0 = Release|ARM
		{1F40DB81-2936-4539-9487-FB4114089CE5}.AppStore|ARM.Deploy.0 = Release|ARM
		{1F40DB81-2936-4539-9487-FB4114089CE5}.AppStore|iPhone.ActiveCfg = Release|x86
		{1F40DB81-2936-4539-9487-FB4114089CE5}.AppStore|iPhone.Build.0 = Release|x86
		{1F40DB81-2936-4539-9487-FB4114089CE5}.AppStore|iPhone.Deploy.0 = Release|x86
		{1F40DB81-2936-4539-9487-FB4114089CE5}.AppStore|iPhoneSimulator.ActiveCfg = Release|x86
		{1F40DB81-2936-4539-9487-FB4114089CE5}.AppStore|iPhoneSimulator.Build.0 = Release|x86
		{1F40DB81-2936-4539-9487-FB4114089CE5}.AppStore|iPhoneSimulator.Deploy.0 = Release|x86
		{1F40DB81-2936-4539-9487-FB4114089CE5}.AppStore|x64.ActiveCfg = Release|x64
		{1F40DB81-2936-4539-9487-FB4114089CE5}.AppStore|x64.Build.0 = Release|x64
		{1F40DB81-2936-4539-9487-FB4114089CE5}.AppStore|x64.Deploy.0 = Release|x64
		{1F40DB81-2936-4539-9487-FB4114089CE5}.AppStore|x86.ActiveCfg = Release|x86
		{1F40DB81-2936-4539-9487-FB4114089CE5}.AppStore|x86.Build.0 = Release|x86
		{1F40DB81-2936-4539-9487-FB4114089CE5}.AppStore|x86.Deploy.0 = Release|x86
		{1F40DB81-2936-4539-9487-FB4114089CE5}.Debug|Any CPU.ActiveCfg = Debug|x86
		{1F40DB81-2936-4539-9487-FB4114089CE5}.Debug|ARM.ActiveCfg = Debug|ARM
		{1F40DB81-2936-4539-9487-FB4114089CE5}.Debug|ARM.Build.0 = Debug|ARM
		{1F40DB81-2936-4539-9487-FB4114089CE5}.Debug|ARM.Deploy.0 = Debug|ARM
		{1F40DB81-2936-4539-9487-FB4114089CE5}.Debug|iPhone.ActiveCfg = Debug|x86
		{1F40DB81-2936-4539-9487-FB4114089CE5}.Debug|iPhoneSimulator.ActiveCfg = Debug|x86
		{1F40DB81-2936-4539-9487-FB4114089CE5}.Debug|x64.ActiveCfg = Debug|x64
		{1F40DB81-2936-4539-9487-FB4114089CE5}.Debug|x64.Build.0 = Debug|x64
		{1F40DB81-2936-4539-9487-FB4114089CE5}.Debug|x64.Deploy.0 = Debug|x64
		{1F40DB81-2936-4539-9487-FB4114089CE5}.Debug|x86.ActiveCfg = Debug|x86
		{1F40DB81-2936-4539-9487-FB4114089CE5}.Debug|x86.Build.0 = Debug|x86
		{1F40DB81-2936-4539-9487-FB4114089CE5}.Debug|x86.Deploy.0 = Debug|x86
		{1F40DB81-2936-4539-9487-FB4114089CE5}.Release|Any CPU.ActiveCfg = Release|x86
		{1F40DB81-2936-4539-9487-FB4114089CE5}.Release|ARM.ActiveCfg = Release|ARM
		{1F40DB81-2936-4539-9487-FB4114089CE5}.Release|ARM.Build.0 = Release|ARM
		{1F40DB81-2936-4539-9487-FB4114089CE5}.Release|ARM.Deploy.0 = Release|ARM
		{1F40DB81-2936-4539-9487-FB4114089CE5}.Release|iPhone.ActiveCfg = Release|x86
		{1F40DB81-2936-4539-9487-FB4114089CE5}.Release|iPhoneSimulator.ActiveCfg = Release|x86
		{1F40DB81-2936-4539-9487-FB4114089CE5}.Release|x64.ActiveCfg = Release|x64
		{1F40DB81-2936-4539-9487-FB4114089CE5}.Release|x64.Build.0 = Release|x64
		{1F40DB81-2936-4539-9487-FB4114089CE5}.Release|x64.Deploy.0 = Release|x64
		{1F40DB81-2936-4539-9487-FB4114089CE5}.Release|x86.ActiveCfg = Release|x86
		{1F40DB81-2936-4539-9487-FB4114089CE5}.Release|x86.Build.0 = Release|x86
		{1F40DB81-2936-4539-9487-FB4114089CE5}.Release|x86.Deploy.0 = Release|x86
		{DF28698B-0E4D-438C-B4BD-C013B3519281}.Ad-Hoc|Any CPU.ActiveCfg = Release|Any CPU
		{DF28698B-0E4D-438C-B4BD-C013B3519281}.Ad-Hoc|Any CPU.Build.0 = Release|Any CPU
		{DF28698B-0E4D-438C-B4BD-C013B3519281}.Ad-Hoc|Any CPU.Deploy.0 = Release|Any CPU
		{DF28698B-0E4D-438C-B4BD-C013B3519281}.Ad-Hoc|ARM.ActiveCfg = Release|ARM
		{DF28698B-0E4D-438C-B4BD-C013B3519281}.Ad-Hoc|ARM.Build.0 = Release|ARM
		{DF28698B-0E4D-438C-B4BD-C013B3519281}.Ad-Hoc|ARM.Deploy.0 = Release|ARM
		{DF28698B-0E4D-438C-B4BD-C013B3519281}.Ad-Hoc|iPhone.ActiveCfg = Release|Any CPU
		{DF28698B-0E4D-438C-B4BD-C013B3519281}.Ad-Hoc|iPhone.Build.0 = Release|Any CPU
		{DF28698B-0E4D-438C-B4BD-C013B3519281}.Ad-Hoc|iPhone.Deploy.0 = Release|Any CPU
		{DF28698B-0E4D-438C-B4BD-C013B3519281}.Ad-Hoc|iPhoneSimulator.ActiveCfg = Release|Any CPU
		{DF28698B-0E4D-438C-B4BD-C013B3519281}.Ad-Hoc|iPhoneSimulator.Build.0 = Release|Any CPU
		{DF28698B-0E4D-438C-B4BD-C013B3519281}.Ad-Hoc|iPhoneSimulator.Deploy.0 = Release|Any CPU
		{DF28698B-0E4D-438C-B4BD-C013B3519281}.Ad-Hoc|x64.ActiveCfg = Release|x64
		{DF28698B-0E4D-438C-B4BD-C013B3519281}.Ad-Hoc|x64.Build.0 = Release|x64
		{DF28698B-0E4D-438C-B4BD-C013B3519281}.Ad-Hoc|x64.Deploy.0 = Release|x64
		{DF28698B-0E4D-438C-B4BD-C013B3519281}.Ad-Hoc|x86.ActiveCfg = Release|x86
		{DF28698B-0E4D-438C-B4BD-C013B3519281}.Ad-Hoc|x86.Build.0 = Release|x86
		{DF28698B-0E4D-438C-B4BD-C013B3519281}.Ad-Hoc|x86.Deploy.0 = Release|x86
		{DF28698B-0E4D-438C-B4BD-C013B3519281}.AppStore|Any CPU.ActiveCfg = Release|Any CPU
		{DF28698B-0E4D-438C-B4BD-C013B3519281}.AppStore|Any CPU.Build.0 = Release|Any CPU
		{DF28698B-0E4D-438C-B4BD-C013B3519281}.AppStore|Any CPU.Deploy.0 = Release|Any CPU
		{DF28698B-0E4D-438C-B4BD-C013B3519281}.AppStore|ARM.ActiveCfg = Release|ARM
		{DF28698B-0E4D-438C-B4BD-C013B3519281}.AppStore|ARM.Build.0 = Release|ARM
		{DF28698B-0E4D-438C-B4BD-C013B3519281}.AppStore|ARM.Deploy.0 = Release|ARM
		{DF28698B-0E4D-438C-B4BD-C013B3519281}.AppStore|iPhone.ActiveCfg = Release|Any CPU
		{DF28698B-0E4D-438C-B4BD-C013B3519281}.AppStore|iPhone.Build.0 = Release|Any CPU
		{DF28698B-0E4D-438C-B4BD-C013B3519281}.AppStore|iPhone.Deploy.0 = Release|Any CPU
		{DF28698B-0E4D-438C-B4BD-C013B3519281}.AppStore|iPhoneSimulator.ActiveCfg = Release|Any CPU
		{DF28698B-0E4D-438C-B4BD-C013B3519281}.AppStore|iPhoneSimulator.Build.0 = Release|Any CPU
		{DF28698B-0E4D-438C-B4BD-C013B3519281}.AppStore|iPhoneSimulator.Deploy.0 = Release|Any CPU
		{DF28698B-0E4D-438C-B4BD-C013B3519281}.AppStore|x64.ActiveCfg = Release|x64
		{DF28698B-0E4D-438C-B4BD-C013B3519281}.AppStore|x64.Build.0 = Release|x64
		{DF28698B-0E4D-438C-B4BD-C013B3519281}.AppStore|x64.Deploy.0 = Release|x64
		{DF28698B-0E4D-438C-B4BD-C013B3519281}.AppStore|x86.ActiveCfg = Release|x86
		{DF28698B-0E4D-438C-B4BD-C013B3519281}.AppStore|x86.Build.0 = Release|x86
		{DF28698B-0E4D-438C-B4BD-C013B3519281}.AppStore|x86.Deploy.0 = Release|x86
		{DF28698B-0E4D-438C-B4BD-C013B3519281}.Debug|Any CPU.ActiveCfg = Debug|Any CPU
		{DF28698B-0E4D-438C-B4BD-C013B3519281}.Debug|Any CPU.Build.0 = Debug|Any CPU
		{DF28698B-0E4D-438C-B4BD-C013B3519281}.Debug|Any CPU.Deploy.0 = Debug|Any CPU
		{DF28698B-0E4D-438C-B4BD-C013B3519281}.Debug|ARM.ActiveCfg = Debug|ARM
		{DF28698B-0E4D-438C-B4BD-C013B3519281}.Debug|ARM.Build.0 = Debug|ARM
		{DF28698B-0E4D-438C-B4BD-C013B3519281}.Debug|ARM.Deploy.0 = Debug|ARM
		{DF28698B-0E4D-438C-B4BD-C013B3519281}.Debug|iPhone.ActiveCfg = Debug|Any CPU
		{DF28698B-0E4D-438C-B4BD-C013B3519281}.Debug|iPhone.Build.0 = Debug|Any CPU
		{DF28698B-0E4D-438C-B4BD-C013B3519281}.Debug|iPhone.Deploy.0 = Debug|Any CPU
		{DF28698B-0E4D-438C-B4BD-C013B3519281}.Debug|iPhoneSimulator.ActiveCfg = Debug|Any CPU
		{DF28698B-0E4D-438C-B4BD-C013B3519281}.Debug|iPhoneSimulator.Build.0 = Debug|Any CPU
		{DF28698B-0E4D-438C-B4BD-C013B3519281}.Debug|iPhoneSimulator.Deploy.0 = Debug|Any CPU
		{DF28698B-0E4D-438C-B4BD-C013B3519281}.Debug|x64.ActiveCfg = Debug|x64
		{DF28698B-0E4D-438C-B4BD-C013B3519281}.Debug|x64.Build.0 = Debug|x64
		{DF28698B-0E4D-438C-B4BD-C013B3519281}.Debug|x64.Deploy.0 = Debug|x64
		{DF28698B-0E4D-438C-B4BD-C013B3519281}.Debug|x86.ActiveCfg = Debug|x86
		{DF28698B-0E4D-438C-B4BD-C013B3519281}.Debug|x86.Build.0 = Debug|x86
		{DF28698B-0E4D-438C-B4BD-C013B3519281}.Debug|x86.Deploy.0 = Debug|x86
		{DF28698B-0E4D-438C-B4BD-C013B3519281}.Release|Any CPU.ActiveCfg = Release|Any CPU
		{DF28698B-0E4D-438C-B4BD-C013B3519281}.Release|Any CPU.Build.0 = Release|Any CPU
		{DF28698B-0E4D-438C-B4BD-C013B3519281}.Release|Any CPU.Deploy.0 = Release|Any CPU
		{DF28698B-0E4D-438C-B4BD-C013B3519281}.Release|ARM.ActiveCfg = Release|ARM
		{DF28698B-0E4D-438C-B4BD-C013B3519281}.Release|ARM.Build.0 = Release|ARM
		{DF28698B-0E4D-438C-B4BD-C013B3519281}.Release|ARM.Deploy.0 = Release|ARM
		{DF28698B-0E4D-438C-B4BD-C013B3519281}.Release|iPhone.ActiveCfg = Release|Any CPU
		{DF28698B-0E4D-438C-B4BD-C013B3519281}.Release|iPhone.Build.0 = Release|Any CPU
		{DF28698B-0E4D-438C-B4BD-C013B3519281}.Release|iPhone.Deploy.0 = Release|Any CPU
		{DF28698B-0E4D-438C-B4BD-C013B3519281}.Release|iPhoneSimulator.ActiveCfg = Release|Any CPU
		{DF28698B-0E4D-438C-B4BD-C013B3519281}.Release|iPhoneSimulator.Build.0 = Release|Any CPU
		{DF28698B-0E4D-438C-B4BD-C013B3519281}.Release|iPhoneSimulator.Deploy.0 = Release|Any CPU
		{DF28698B-0E4D-438C-B4BD-C013B3519281}.Release|x64.ActiveCfg = Release|x64
		{DF28698B-0E4D-438C-B4BD-C013B3519281}.Release|x64.Build.0 = Release|x64
		{DF28698B-0E4D-438C-B4BD-C013B3519281}.Release|x64.Deploy.0 = Release|x64
		{DF28698B-0E4D-438C-B4BD-C013B3519281}.Release|x86.ActiveCfg = Release|x86
		{DF28698B-0E4D-438C-B4BD-C013B3519281}.Release|x86.Build.0 = Release|x86
		{DF28698B-0E4D-438C-B4BD-C013B3519281}.Release|x86.Deploy.0 = Release|x86
		{25DC437C-1461-480E-B7C0-FC03638D3258}.Ad-Hoc|Any CPU.ActiveCfg = Release|Any CPU
		{25DC437C-1461-480E-B7C0-FC03638D3258}.Ad-Hoc|Any CPU.Build.0 = Release|Any CPU
		{25DC437C-1461-480E-B7C0-FC03638D3258}.Ad-Hoc|ARM.ActiveCfg = Release|Any CPU
		{25DC437C-1461-480E-B7C0-FC03638D3258}.Ad-Hoc|ARM.Build.0 = Release|Any CPU
		{25DC437C-1461-480E-B7C0-FC03638D3258}.Ad-Hoc|iPhone.ActiveCfg = Release|Any CPU
		{25DC437C-1461-480E-B7C0-FC03638D3258}.Ad-Hoc|iPhone.Build.0 = Release|Any CPU
		{25DC437C-1461-480E-B7C0-FC03638D3258}.Ad-Hoc|iPhoneSimulator.ActiveCfg = Release|Any CPU
		{25DC437C-1461-480E-B7C0-FC03638D3258}.Ad-Hoc|iPhoneSimulator.Build.0 = Release|Any CPU
		{25DC437C-1461-480E-B7C0-FC03638D3258}.Ad-Hoc|x64.ActiveCfg = Release|Any CPU
		{25DC437C-1461-480E-B7C0-FC03638D3258}.Ad-Hoc|x64.Build.0 = Release|Any CPU
		{25DC437C-1461-480E-B7C0-FC03638D3258}.Ad-Hoc|x86.ActiveCfg = Release|Any CPU
		{25DC437C-1461-480E-B7C0-FC03638D3258}.Ad-Hoc|x86.Build.0 = Release|Any CPU
		{25DC437C-1461-480E-B7C0-FC03638D3258}.AppStore|Any CPU.ActiveCfg = Release|Any CPU
		{25DC437C-1461-480E-B7C0-FC03638D3258}.AppStore|Any CPU.Build.0 = Release|Any CPU
		{25DC437C-1461-480E-B7C0-FC03638D3258}.AppStore|ARM.ActiveCfg = Release|Any CPU
		{25DC437C-1461-480E-B7C0-FC03638D3258}.AppStore|ARM.Build.0 = Release|Any CPU
		{25DC437C-1461-480E-B7C0-FC03638D3258}.AppStore|iPhone.ActiveCfg = Release|Any CPU
		{25DC437C-1461-480E-B7C0-FC03638D3258}.AppStore|iPhone.Build.0 = Release|Any CPU
		{25DC437C-1461-480E-B7C0-FC03638D3258}.AppStore|iPhoneSimulator.ActiveCfg = Release|Any CPU
		{25DC437C-1461-480E-B7C0-FC03638D3258}.AppStore|iPhoneSimulator.Build.0 = Release|Any CPU
		{25DC437C-1461-480E-B7C0-FC03638D3258}.AppStore|x64.ActiveCfg = Release|Any CPU
		{25DC437C-1461-480E-B7C0-FC03638D3258}.AppStore|x64.Build.0 = Release|Any CPU
		{25DC437C-1461-480E-B7C0-FC03638D3258}.AppStore|x86.ActiveCfg = Release|Any CPU
		{25DC437C-1461-480E-B7C0-FC03638D3258}.AppStore|x86.Build.0 = Release|Any CPU
		{25DC437C-1461-480E-B7C0-FC03638D3258}.Debug|Any CPU.ActiveCfg = Debug|Any CPU
		{25DC437C-1461-480E-B7C0-FC03638D3258}.Debug|Any CPU.Build.0 = Debug|Any CPU
		{25DC437C-1461-480E-B7C0-FC03638D3258}.Debug|ARM.ActiveCfg = Debug|Any CPU
		{25DC437C-1461-480E-B7C0-FC03638D3258}.Debug|ARM.Build.0 = Debug|Any CPU
		{25DC437C-1461-480E-B7C0-FC03638D3258}.Debug|iPhone.ActiveCfg = Debug|Any CPU
		{25DC437C-1461-480E-B7C0-FC03638D3258}.Debug|iPhone.Build.0 = Debug|Any CPU
		{25DC437C-1461-480E-B7C0-FC03638D3258}.Debug|iPhoneSimulator.ActiveCfg = Debug|Any CPU
		{25DC437C-1461-480E-B7C0-FC03638D3258}.Debug|iPhoneSimulator.Build.0 = Debug|Any CPU
		{25DC437C-1461-480E-B7C0-FC03638D3258}.Debug|x64.ActiveCfg = Debug|Any CPU
		{25DC437C-1461-480E-B7C0-FC03638D3258}.Debug|x64.Build.0 = Debug|Any CPU
		{25DC437C-1461-480E-B7C0-FC03638D3258}.Debug|x86.ActiveCfg = Debug|Any CPU
		{25DC437C-1461-480E-B7C0-FC03638D3258}.Debug|x86.Build.0 = Debug|Any CPU
		{25DC437C-1461-480E-B7C0-FC03638D3258}.Release|Any CPU.ActiveCfg = Release|Any CPU
		{25DC437C-1461-480E-B7C0-FC03638D3258}.Release|Any CPU.Build.0 = Release|Any CPU
		{25DC437C-1461-480E-B7C0-FC03638D3258}.Release|ARM.ActiveCfg = Release|Any CPU
		{25DC437C-1461-480E-B7C0-FC03638D3258}.Release|ARM.Build.0 = Release|Any CPU
		{25DC437C-1461-480E-B7C0-FC03638D3258}.Release|iPhone.ActiveCfg = Release|Any CPU
		{25DC437C-1461-480E-B7C0-FC03638D3258}.Release|iPhone.Build.0 = Release|Any CPU
		{25DC437C-1461-480E-B7C0-FC03638D3258}.Release|iPhoneSimulator.ActiveCfg = Release|Any CPU
		{25DC437C-1461-480E-B7C0-FC03638D3258}.Release|iPhoneSimulator.Build.0 = Release|Any CPU
		{25DC437C-1461-480E-B7C0-FC03638D3258}.Release|x64.ActiveCfg = Release|Any CPU
		{25DC437C-1461-480E-B7C0-FC03638D3258}.Release|x64.Build.0 = Release|Any CPU
		{25DC437C-1461-480E-B7C0-FC03638D3258}.Release|x86.ActiveCfg = Release|Any CPU
		{25DC437C-1461-480E-B7C0-FC03638D3258}.Release|x86.Build.0 = Release|Any CPU
	EndGlobalSection
	GlobalSection(SolutionProperties) = preSolution
		HideSolutionNode = FALSE
	EndGlobalSection
EndGlobal
